
Microsoft Visual Studio Solution File, Format Version 12.00
# Visual Studio Version 16
VisualStudioVersion = 16.0.29728.190
MinimumVisualStudioVersion = 10.0.40219.1
Project("{8BC9CEB8-8B4A-11D0-8D11-00A0C91BC942}") = "Sky_Shepherd", "Sky_Shepherd\Sky_Shepherd.vcxproj", "{111F6B3A-9F6E-460D-B097-031F5E37D412}"
EndProject
Project("{8BC9CEB8-8B4A-11D0-8D11-00A0C91BC942}") = "SkyShepherdServer", "SkyShepherdServer\SkyShepherdServer.vcxproj", "{E703061E-296A-4C0B-BACA-C74FB95D5BFD}"
EndProject
Project("{8BC9CEB8-8B4A-11D0-8D11-00A0C91BC942}") = "SkyShepherdClient", "SkyShepherdClient\SkyShepherdClient.vcxproj", "{45FDC947-B884-4C52-9EC2-E18D2D2E3B1C}"
EndProject
Global
	GlobalSection(SolutionConfigurationPlatforms) = preSolution
		Debug|x64 = Debug|x64
		Debug|x86 = Debug|x86
		Release|x64 = Release|x64
		Release|x86 = Release|x86
	EndGlobalSection
	GlobalSection(ProjectConfigurationPlatforms) = postSolution
		{111F6B3A-9F6E-460D-B097-031F5E37D412}.Debug|x64.ActiveCfg = Debug|x64
		{111F6B3A-9F6E-460D-B097-031F5E37D412}.Debug|x64.Build.0 = Debug|x64
		{111F6B3A-9F6E-460D-B097-031F5E37D412}.Debug|x86.ActiveCfg = Debug|Win32
		{111F6B3A-9F6E-460D-B097-031F5E37D412}.Debug|x86.Build.0 = Debug|Win32
		{111F6B3A-9F6E-460D-B097-031F5E37D412}.Release|x64.ActiveCfg = Release|x64
		{111F6B3A-9F6E-460D-B097-031F5E37D412}.Release|x64.Build.0 = Release|x64
		{111F6B3A-9F6E-460D-B097-031F5E37D412}.Release|x86.ActiveCfg = Release|Win32
		{111F6B3A-9F6E-460D-B097-031F5E37D412}.Release|x86.Build.0 = Release|Win32
		{E703061E-296A-4C0B-BACA-C74FB95D5BFD}.Debug|x64.ActiveCfg = Debug|x64
		{E703061E-296A-4C0B-BACA-C74FB95D5BFD}.Debug|x64.Build.0 = Debug|x64
		{E703061E-296A-4C0B-BACA-C74FB95D5BFD}.Debug|x86.ActiveCfg = Debug|Win32
		{E703061E-296A-4C0B-BACA-C74FB95D5BFD}.Debug|x86.Build.0 = Debug|Win32
		{E703061E-296A-4C0B-BACA-C74FB95D5BFD}.Release|x64.ActiveCfg = Release|x64
		{E703061E-296A-4C0B-BACA-C74FB95D5BFD}.Release|x64.Build.0 = Release|x64
		{E703061E-296A-4C0B-BACA-C74FB95D5BFD}.Release|x86.ActiveCfg = Release|Win32
		{E703061E-296A-4C0B-BACA-C74FB95D5BFD}.Release|x86.Build.0 = Release|Win32
		{45FDC947-B884-4C52-9EC2-E18D2D2E3B1C}.Debug|x64.ActiveCfg = Debug|x64
		{45FDC947-B884-4C52-9EC2-E18D2D2E3B1C}.Debug|x64.Build.0 = Debug|x64
		{45FDC947-B884-4C52-9EC2-E18D2D2E3B1C}.Debug|x86.ActiveCfg = Debug|Win32
		{45FDC947-B884-4C52-9EC2-E18D2D2E3B1C}.Debug|x86.Build.0 = Debug|Win32
		{45FDC947-B884-4C52-9EC2-E18D2D2E3B1C}.Release|x64.ActiveCfg = Release|x64
		{45FDC947-B884-4C52-9EC2-E18D2D2E3B1C}.Release|x64.Build.0 = Release|x64
		{45FDC947-B884-4C52-9EC2-E18D2D2E3B1C}.Release|x86.ActiveCfg = Release|Win32
		{45FDC947-B884-4C52-9EC2-E18D2D2E3B1C}.Release|x86.Build.0 = Release|Win32
	EndGlobalSection
	GlobalSection(SolutionProperties) = preSolution
		HideSolutionNode = FALSE
	EndGlobalSection
	GlobalSection(ExtensibilityGlobals) = postSolution
		SolutionGuid = {CA0B855A-C2E3-47A7-8DEE-6552CBE92CF6}
	EndGlobalSection
EndGlobal
